
Microsoft Visual Studio Solution File, Format Version 12.00
# Visual Studio Version 17
VisualStudioVersion = 17.0.32014.148
MinimumVisualStudioVersion = 10.0.40219.1
Project("{FAE04EC0-301F-11D3-BF4B-00C04F79EFBC}") = "mvcStok.1", "mvcStok.1.csproj", "{B9428B4E-D5E7-4DFD-9DE6-E637EAB5B7A4}"
EndProject
Global
	GlobalSection(SolutionConfigurationPlatforms) = preSolution
		Debug|Any CPU = Debug|Any CPU
		Release|Any CPU = Release|Any CPU
	EndGlobalSection
	GlobalSection(ProjectConfigurationPlatforms) = postSolution
		{B9428B4E-D5E7-4DFD-9DE6-E637EAB5B7A4}.Debug|Any CPU.ActiveCfg = Debug|Any CPU
		{B9428B4E-D5E7-4DFD-9DE6-E637EAB5B7A4}.Debug|Any CPU.Build.0 = Debug|Any CPU
		{B9428B4E-D5E7-4DFD-9DE6-E637EAB5B7A4}.Release|Any CPU.ActiveCfg = Release|Any CPU
		{B9428B4E-D5E7-4DFD-9DE6-E637EAB5B7A4}.Release|Any CPU.Build.0 = Release|Any CPU
	EndGlobalSection
	GlobalSection(SolutionProperties) = preSolution
		HideSolutionNode = FALSE
	EndGlobalSection
	GlobalSection(ExtensibilityGlobals) = postSolution
		SolutionGuid = {4400F0DE-592C-4C97-8AE1-F78D151ACDF2}
	EndGlobalSection
EndGlobal
